
Microsoft Visual Studio Solution File, Format Version 12.00
# Visual Studio 15
VisualStudioVersion = 15.0.26124.0
MinimumVisualStudioVersion = 15.0.26124.0
Project("{2150E333-8FDC-42A3-9474-1A3956D46DE8}") = "src", "src", "{E7736A5E-A371-408A-96E5-EF6D0EF5B854}"
EndProject
Project("{FAE04EC0-301F-11D3-BF4B-00C04F79EFBC}") = "ConsoleClient", "src\ConsoleClient\ConsoleClient.csproj", "{F2D5FC19-DE7E-4155-9335-CF577275FBD7}"
EndProject
Project("{FAE04EC0-301F-11D3-BF4B-00C04F79EFBC}") = "Service.Abstractions", "src\Service.Abstractions\Service.Abstractions.csproj", "{9B9112AB-8615-4538-92C3-946CE916A78E}"
EndProject
Project("{FAE04EC0-301F-11D3-BF4B-00C04F79EFBC}") = "Service.Dal", "src\Service.Dal\Service.Dal.csproj", "{36DB4F58-1B53-4DDF-BA98-56994707F10B}"
EndProject
Project("{FAE04EC0-301F-11D3-BF4B-00C04F79EFBC}") = "Service.BL", "src\Service.BL\Service.BL.csproj", "{39FAE504-B0F9-4140-B951-3722337B5075}"
EndProject
Project("{FAE04EC0-301F-11D3-BF4B-00C04F79EFBC}") = "Service.Rest.Api", "src\Service.Rest.Api\Service.Rest.Api.csproj", "{571108FB-ED6D-4CB0-95B5-6A35C8738E0A}"
EndProject
Global
	GlobalSection(SolutionConfigurationPlatforms) = preSolution
		Debug|Any CPU = Debug|Any CPU
		Debug|x64 = Debug|x64
		Debug|x86 = Debug|x86
		Release|Any CPU = Release|Any CPU
		Release|x64 = Release|x64
		Release|x86 = Release|x86
	EndGlobalSection
	GlobalSection(SolutionProperties) = preSolution
		HideSolutionNode = FALSE
	EndGlobalSection
	GlobalSection(ProjectConfigurationPlatforms) = postSolution
		{F2D5FC19-DE7E-4155-9335-CF577275FBD7}.Debug|Any CPU.ActiveCfg = Debug|Any CPU
		{F2D5FC19-DE7E-4155-9335-CF577275FBD7}.Debug|Any CPU.Build.0 = Debug|Any CPU
		{F2D5FC19-DE7E-4155-9335-CF577275FBD7}.Debug|x64.ActiveCfg = Debug|Any CPU
		{F2D5FC19-DE7E-4155-9335-CF577275FBD7}.Debug|x64.Build.0 = Debug|Any CPU
		{F2D5FC19-DE7E-4155-9335-CF577275FBD7}.Debug|x86.ActiveCfg = Debug|Any CPU
		{F2D5FC19-DE7E-4155-9335-CF577275FBD7}.Debug|x86.Build.0 = Debug|Any CPU
		{F2D5FC19-DE7E-4155-9335-CF577275FBD7}.Release|Any CPU.ActiveCfg = Release|Any CPU
		{F2D5FC19-DE7E-4155-9335-CF577275FBD7}.Release|Any CPU.Build.0 = Release|Any CPU
		{F2D5FC19-DE7E-4155-9335-CF577275FBD7}.Release|x64.ActiveCfg = Release|Any CPU
		{F2D5FC19-DE7E-4155-9335-CF577275FBD7}.Release|x64.Build.0 = Release|Any CPU
		{F2D5FC19-DE7E-4155-9335-CF577275FBD7}.Release|x86.ActiveCfg = Release|Any CPU
		{F2D5FC19-DE7E-4155-9335-CF577275FBD7}.Release|x86.Build.0 = Release|Any CPU
		{9B9112AB-8615-4538-92C3-946CE916A78E}.Debug|Any CPU.ActiveCfg = Debug|Any CPU
		{9B9112AB-8615-4538-92C3-946CE916A78E}.Debug|Any CPU.Build.0 = Debug|Any CPU
		{9B9112AB-8615-4538-92C3-946CE916A78E}.Debug|x64.ActiveCfg = Debug|Any CPU
		{9B9112AB-8615-4538-92C3-946CE916A78E}.Debug|x64.Build.0 = Debug|Any CPU
		{9B9112AB-8615-4538-92C3-946CE916A78E}.Debug|x86.ActiveCfg = Debug|Any CPU
		{9B9112AB-8615-4538-92C3-946CE916A78E}.Debug|x86.Build.0 = Debug|Any CPU
		{9B9112AB-8615-4538-92C3-946CE916A78E}.Release|Any CPU.ActiveCfg = Release|Any CPU
		{9B9112AB-8615-4538-92C3-946CE916A78E}.Release|Any CPU.Build.0 = Release|Any CPU
		{9B9112AB-8615-4538-92C3-946CE916A78E}.Release|x64.ActiveCfg = Release|Any CPU
		{9B9112AB-8615-4538-92C3-946CE916A78E}.Release|x64.Build.0 = Release|Any CPU
		{9B9112AB-8615-4538-92C3-946CE916A78E}.Release|x86.ActiveCfg = Release|Any CPU
		{9B9112AB-8615-4538-92C3-946CE916A78E}.Release|x86.Build.0 = Release|Any CPU
		{36DB4F58-1B53-4DDF-BA98-56994707F10B}.Debug|Any CPU.ActiveCfg = Debug|Any CPU
		{36DB4F58-1B53-4DDF-BA98-56994707F10B}.Debug|Any CPU.Build.0 = Debug|Any CPU
		{36DB4F58-1B53-4DDF-BA98-56994707F10B}.Debug|x64.ActiveCfg = Debug|Any CPU
		{36DB4F58-1B53-4DDF-BA98-56994707F10B}.Debug|x64.Build.0 = Debug|Any CPU
		{36DB4F58-1B53-4DDF-BA98-56994707F10B}.Debug|x86.ActiveCfg = Debug|Any CPU
		{36DB4F58-1B53-4DDF-BA98-56994707F10B}.Debug|x86.Build.0 = Debug|Any CPU
		{36DB4F58-1B53-4DDF-BA98-56994707F10B}.Release|Any CPU.ActiveCfg = Release|Any CPU
		{36DB4F58-1B53-4DDF-BA98-56994707F10B}.Release|Any CPU.Build.0 = Release|Any CPU
		{36DB4F58-1B53-4DDF-BA98-56994707F10B}.Release|x64.ActiveCfg = Release|Any CPU
		{36DB4F58-1B53-4DDF-BA98-56994707F10B}.Release|x64.Build.0 = Release|Any CPU
		{36DB4F58-1B53-4DDF-BA98-56994707F10B}.Release|x86.ActiveCfg = Release|Any CPU
		{36DB4F58-1B53-4DDF-BA98-56994707F10B}.Release|x86.Build.0 = Release|Any CPU
		{39FAE504-B0F9-4140-B951-3722337B5075}.Debug|Any CPU.ActiveCfg = Debug|Any CPU
		{39FAE504-B0F9-4140-B951-3722337B5075}.Debug|Any CPU.Build.0 = Debug|Any CPU
		{39FAE504-B0F9-4140-B951-3722337B5075}.Debug|x64.ActiveCfg = Debug|Any CPU
		{39FAE504-B0F9-4140-B951-3722337B5075}.Debug|x64.Build.0 = Debug|Any CPU
		{39FAE504-B0F9-4140-B951-3722337B5075}.Debug|x86.ActiveCfg = Debug|Any CPU
		{39FAE504-B0F9-4140-B951-3722337B5075}.Debug|x86.Build.0 = Debug|Any CPU
		{39FAE504-B0F9-4140-B951-3722337B5075}.Release|Any CPU.ActiveCfg = Release|Any CPU
		{39FAE504-B0F9-4140-B951-3722337B5075}.Release|Any CPU.Build.0 = Release|Any CPU
		{39FAE504-B0F9-4140-B951-3722337B5075}.Release|x64.ActiveCfg = Release|Any CPU
		{39FAE504-B0F9-4140-B951-3722337B5075}.Release|x64.Build.0 = Release|Any CPU
		{39FAE504-B0F9-4140-B951-3722337B5075}.Release|x86.ActiveCfg = Release|Any CPU
		{39FAE504-B0F9-4140-B951-3722337B5075}.Release|x86.Build.0 = Release|Any CPU
		{571108FB-ED6D-4CB0-95B5-6A35C8738E0A}.Debug|Any CPU.ActiveCfg = Debug|Any CPU
		{571108FB-ED6D-4CB0-95B5-6A35C8738E0A}.Debug|Any CPU.Build.0 = Debug|Any CPU
		{571108FB-ED6D-4CB0-95B5-6A35C8738E0A}.Debug|x64.ActiveCfg = Debug|Any CPU
		{571108FB-ED6D-4CB0-95B5-6A35C8738E0A}.Debug|x64.Build.0 = Debug|Any CPU
		{571108FB-ED6D-4CB0-95B5-6A35C8738E0A}.Debug|x86.ActiveCfg = Debug|Any CPU
		{571108FB-ED6D-4CB0-95B5-6A35C8738E0A}.Debug|x86.Build.0 = Debug|Any CPU
		{571108FB-ED6D-4CB0-95B5-6A35C8738E0A}.Release|Any CPU.ActiveCfg = Release|Any CPU
		{571108FB-ED6D-4CB0-95B5-6A35C8738E0A}.Release|Any CPU.Build.0 = Release|Any CPU
		{571108FB-ED6D-4CB0-95B5-6A35C8738E0A}.Release|x64.ActiveCfg = Release|Any CPU
		{571108FB-ED6D-4CB0-95B5-6A35C8738E0A}.Release|x64.Build.0 = Release|Any CPU
		{571108FB-ED6D-4CB0-95B5-6A35C8738E0A}.Release|x86.ActiveCfg = Release|Any CPU
		{571108FB-ED6D-4CB0-95B5-6A35C8738E0A}.Release|x86.Build.0 = Release|Any CPU
	EndGlobalSection
	GlobalSection(NestedProjects) = preSolution
		{F2D5FC19-DE7E-4155-9335-CF577275FBD7} = {E7736A5E-A371-408A-96E5-EF6D0EF5B854}
		{9B9112AB-8615-4538-92C3-946CE916A78E} = {E7736A5E-A371-408A-96E5-EF6D0EF5B854}
		{36DB4F58-1B53-4DDF-BA98-56994707F10B} = {E7736A5E-A371-408A-96E5-EF6D0EF5B854}
		{39FAE504-B0F9-4140-B951-3722337B5075} = {E7736A5E-A371-408A-96E5-EF6D0EF5B854}
		{571108FB-ED6D-4CB0-95B5-6A35C8738E0A} = {E7736A5E-A371-408A-96E5-EF6D0EF5B854}
	EndGlobalSection
EndGlobal
